
Microsoft Visual Studio Solution File, Format Version 12.00
# Visual Studio Version 16
VisualStudioVersion = 16.0.30104.148
MinimumVisualStudioVersion = 10.0.40219.1
Project("{FAE04EC0-301F-11D3-BF4B-00C04F79EFBC}") = "D2S", "D2S\D2S.csproj", "{7A588ECE-A5E0-4403-A70B-566A5951F855}"
EndProject
Global
	GlobalSection(SolutionConfigurationPlatforms) = preSolution
		Debug|Any CPU = Debug|Any CPU
		Release|Any CPU = Release|Any CPU
	EndGlobalSection
	GlobalSection(ProjectConfigurationPlatforms) = postSolution
		{7A588ECE-A5E0-4403-A70B-566A5951F855}.Debug|Any CPU.ActiveCfg = Debug|Any CPU
		{7A588ECE-A5E0-4403-A70B-566A5951F855}.Debug|Any CPU.Build.0 = Debug|Any CPU
		{7A588ECE-A5E0-4403-A70B-566A5951F855}.Release|Any CPU.ActiveCfg = Release|Any CPU
		{7A588ECE-A5E0-4403-A70B-566A5951F855}.Release|Any CPU.Build.0 = Release|Any CPU
	EndGlobalSection
	GlobalSection(SolutionProperties) = preSolution
		HideSolutionNode = FALSE
	EndGlobalSection
	GlobalSection(ExtensibilityGlobals) = postSolution
		SolutionGuid = {58E50EB6-3423-4FCA-A87E-3D237F2528E3}
	EndGlobalSection
EndGlobal
